
Microsoft Visual Studio Solution File, Format Version 12.00
# Visual Studio Version 17
VisualStudioVersion = 17.4.33213.308
MinimumVisualStudioVersion = 10.0.40219.1
Project("{FAE04EC0-301F-11D3-BF4B-00C04F79EFBC}") = "MusicArray", "MusicArray\MusicArray.csproj", "{F8902497-C59A-4324-AFBD-3D61B91B3FBB}"
EndProject
Global
	GlobalSection(SolutionConfigurationPlatforms) = preSolution
		Debug|Any CPU = Debug|Any CPU
		Release|Any CPU = Release|Any CPU
	EndGlobalSection
	GlobalSection(ProjectConfigurationPlatforms) = postSolution
		{F8902497-C59A-4324-AFBD-3D61B91B3FBB}.Debug|Any CPU.ActiveCfg = Debug|Any CPU
		{F8902497-C59A-4324-AFBD-3D61B91B3FBB}.Debug|Any CPU.Build.0 = Debug|Any CPU
		{F8902497-C59A-4324-AFBD-3D61B91B3FBB}.Release|Any CPU.ActiveCfg = Release|Any CPU
		{F8902497-C59A-4324-AFBD-3D61B91B3FBB}.Release|Any CPU.Build.0 = Release|Any CPU
	EndGlobalSection
	GlobalSection(SolutionProperties) = preSolution
		HideSolutionNode = FALSE
	EndGlobalSection
	GlobalSection(ExtensibilityGlobals) = postSolution
		SolutionGuid = {B298B348-147C-4C3E-9928-8BF03468A497}
	EndGlobalSection
EndGlobal
